// !$*UTF8*$!
{
	archiveVersion = 1;
	classes = {
	};
	objectVersion = 55;
	objects = {

/* Begin PBXBuildFile section */
		CE1566AC28297D72006F3D82 /* AppDelegate.swift in Sources */ = {isa = PBXBuildFile; fileRef = CE1566AB28297D72006F3D82 /* AppDelegate.swift */; };
		CE1566AE28297D72006F3D82 /* SceneDelegate.swift in Sources */ = {isa = PBXBuildFile; fileRef = CE1566AD28297D72006F3D82 /* SceneDelegate.swift */; };
		CE1566B028297D72006F3D82 /* ViewController.swift in Sources */ = {isa = PBXBuildFile; fileRef = CE1566AF28297D72006F3D82 /* ViewController.swift */; };
		CE1566B328297D72006F3D82 /* Main.storyboard in Resources */ = {isa = PBXBuildFile; fileRef = CE1566B128297D72006F3D82 /* Main.storyboard */; };
		CE1566B528297D74006F3D82 /* Assets.xcassets in Resources */ = {isa = PBXBuildFile; fileRef = CE1566B428297D74006F3D82 /* Assets.xcassets */; };
		CE1566B828297D74006F3D82 /* LaunchScreen.storyboard in Resources */ = {isa = PBXBuildFile; fileRef = CE1566B628297D74006F3D82 /* LaunchScreen.storyboard */; };
		CE1566C328297D75006F3D82 /* WordListTests.swift in Sources */ = {isa = PBXBuildFile; fileRef = CE1566C228297D75006F3D82 /* WordListTests.swift */; };
		CE1566CD28297D75006F3D82 /* WordListUITests.swift in Sources */ = {isa = PBXBuildFile; fileRef = CE1566CC28297D75006F3D82 /* WordListUITests.swift */; };
		CE1566CF28297D75006F3D82 /* WordListUITestsLaunchTests.swift in Sources */ = {isa = PBXBuildFile; fileRef = CE1566CE28297D75006F3D82 /* WordListUITestsLaunchTests.swift */; };
		CE1566DF28297DA7006F3D82 /* word_blank.png in Resources */ = {isa = PBXBuildFile; fileRef = CE1566DC28297DA7006F3D82 /* word_blank.png */; };
		CE1566E028297DA7006F3D82 /* fin.png in Resources */ = {isa = PBXBuildFile; fileRef = CE1566DD28297DA7006F3D82 /* fin.png */; };
		CE1566E128297DA7006F3D82 /* title_logo.png in Resources */ = {isa = PBXBuildFile; fileRef = CE1566DE28297DA7006F3D82 /* title_logo.png */; };
		CE1566E3282984F2006F3D82 /* QuestionViewController.swift in Sources */ = {isa = PBXBuildFile; fileRef = CE1566E2282984F2006F3D82 /* QuestionViewController.swift */; };
		CE1566E52829853F006F3D82 /* FinishViewController.swift in Sources */ = {isa = PBXBuildFile; fileRef = CE1566E42829853F006F3D82 /* FinishViewController.swift */; };
		CE1566E9282985E2006F3D82 /* ListTableViewController.swift in Sources */ = {isa = PBXBuildFile; fileRef = CE1566E8282985E1006F3D82 /* ListTableViewController.swift */; };
		CE1566EB2829860B006F3D82 /* AddViewController.swift in Sources */ = {isa = PBXBuildFile; fileRef = CE1566EA2829860B006F3D82 /* AddViewController.swift */; };
		CE3F55AE282A919C004AA841 /* ListTableViewCell.swift in Sources */ = {isa = PBXBuildFile; fileRef = CE3F55AD282A919C004AA841 /* ListTableViewCell.swift */; };
/* End PBXBuildFile section */

/* Begin PBXContainerItemProxy section */
		CE1566BF28297D75006F3D82 /* PBXContainerItemProxy */ = {
			isa = PBXContainerItemProxy;
			containerPortal = CE1566A028297D72006F3D82 /* Project object */;
			proxyType = 1;
			remoteGlobalIDString = CE1566A728297D72006F3D82;
			remoteInfo = WordList;
		};
		CE1566C928297D75006F3D82 /* PBXContainerItemProxy */ = {
			isa = PBXContainerItemProxy;
			containerPortal = CE1566A028297D72006F3D82 /* Project object */;
			proxyType = 1;
			remoteGlobalIDString = CE1566A728297D72006F3D82;
			remoteInfo = WordList;
		};
/* End PBXContainerItemProxy section */

/* Begin PBXFileReference section */
		CE1566A828297D72006F3D82 /* WordList.app */ = {isa = PBXFileReference; explicitFileType = wrapper.application; includeInIndex = 0; path = WordList.app; sourceTree = BUILT_PRODUCTS_DIR; };
		CE1566AB28297D72006F3D82 /* AppDelegate.swift */ = {isa = PBXFileReference; lastKnownFileType = sourcecode.swift; path = AppDelegate.swift; sourceTree = "<group>"; };
		CE1566AD28297D72006F3D82 /* SceneDelegate.swift */ = {isa = PBXFileReference; lastKnownFileType = sourcecode.swift; path = SceneDelegate.swift; sourceTree = "<group>"; };
		CE1566AF28297D72006F3D82 /* ViewController.swift */ = {isa = PBXFileReference; lastKnownFileType = sourcecode.swift; path = ViewController.swift; sourceTree = "<group>"; };
		CE1566B228297D72006F3D82 /* Base */ = {isa = PBXFileReference; lastKnownFileType = file.storyboard; name = Base; path = Base.lproj/Main.storyboard; sourceTree = "<group>"; };
		CE1566B428297D74006F3D82 /* Assets.xcassets */ = {isa = PBXFileReference; lastKnownFileType = folder.assetcatalog; path = Assets.xcassets; sourceTree = "<group>"; };
		CE1566B728297D74006F3D82 /* Base */ = {isa = PBXFileReference; lastKnownFileType = file.storyboard; name = Base; path = Base.lproj/LaunchScreen.storyboard; sourceTree = "<group>"; };
		CE1566B928297D74006F3D82 /* Info.plist */ = {isa = PBXFileReference; lastKnownFileType = text.plist.xml; path = Info.plist; sourceTree = "<group>"; };
		CE1566BE28297D75006F3D82 /* WordListTests.xctest */ = {isa = PBXFileReference; explicitFileType = wrapper.cfbundle; includeInIndex = 0; path = WordListTests.xctest; sourceTree = BUILT_PRODUCTS_DIR; };
		CE1566C228297D75006F3D82 /* WordListTests.swift */ = {isa = PBXFileReference; lastKnownFileType = sourcecode.swift; path = WordListTests.swift; sourceTree = "<group>"; };
		CE1566C828297D75006F3D82 /* WordListUITests.xctest */ = {isa = PBXFileReference; explicitFileType = wrapper.cfbundle; includeInIndex = 0; path = WordListUITests.xctest; sourceTree = BUILT_PRODUCTS_DIR; };
		CE1566CC28297D75006F3D82 /* WordListUITests.swift */ = {isa = PBXFileReference; lastKnownFileType = sourcecode.swift; path = WordListUITests.swift; sourceTree = "<group>"; };
		CE1566CE28297D75006F3D82 /* WordListUITestsLaunchTests.swift */ = {isa = PBXFileReference; lastKnownFileType = sourcecode.swift; path = WordListUITestsLaunchTests.swift; sourceTree = "<group>"; };
		CE1566DC28297DA7006F3D82 /* word_blank.png */ = {isa = PBXFileReference; lastKnownFileType = image.png; path = word_blank.png; sourceTree = "<group>"; };
		CE1566DD28297DA7006F3D82 /* fin.png */ = {isa = PBXFileReference; lastKnownFileType = image.png; path = fin.png; sourceTree = "<group>"; };
		CE1566DE28297DA7006F3D82 /* title_logo.png */ = {isa = PBXFileReference; lastKnownFileType = image.png; path = title_logo.png; sourceTree = "<group>"; };
		CE1566E2282984F2006F3D82 /* QuestionViewController.swift */ = {isa = PBXFileReference; lastKnownFileType = sourcecode.swift; path = QuestionViewController.swift; sourceTree = "<group>"; };
		CE1566E42829853F006F3D82 /* FinishViewController.swift */ = {isa = PBXFileReference; lastKnownFileType = sourcecode.swift; path = FinishViewController.swift; sourceTree = "<group>"; };
		CE1566E8282985E1006F3D82 /* ListTableViewController.swift */ = {isa = PBXFileReference; lastKnownFileType = sourcecode.swift; path = ListTableViewController.swift; sourceTree = "<group>"; };
		CE1566EA2829860B006F3D82 /* AddViewController.swift */ = {isa = PBXFileReference; lastKnownFileType = sourcecode.swift; path = AddViewController.swift; sourceTree = "<group>"; };
		CE3F55AD282A919C004AA841 /* ListTableViewCell.swift */ = {isa = PBXFileReference; lastKnownFileType = sourcecode.swift; path = ListTableViewCell.swift; sourceTree = "<group>"; };
/* End PBXFileReference section */

/* Begin PBXFrameworksBuildPhase section */
		CE1566A528297D72006F3D82 /* Frameworks */ = {
			isa = PBXFrameworksBuildPhase;
			buildActionMask = 2147483647;
			files = (
			);
			runOnlyForDeploymentPostprocessing = 0;
		};
		CE1566BB28297D75006F3D82 /* Frameworks */ = {
			isa = PBXFrameworksBuildPhase;
			buildActionMask = 2147483647;
			files = (
			);
			runOnlyForDeploymentPostprocessing = 0;
		};
		CE1566C528297D75006F3D82 /* Frameworks */ = {
			isa = PBXFrameworksBuildPhase;
			buildActionMask = 2147483647;
			files = (
			);
			runOnlyForDeploymentPostprocessing = 0;
		};
/* End PBXFrameworksBuildPhase section */

/* Begin PBXGroup section */
		CE15669F28297D72006F3D82 = {
			isa = PBXGroup;
			children = (
				CE1566AA28297D72006F3D82 /* WordList */,
				CE1566C128297D75006F3D82 /* WordListTests */,
				CE1566CB28297D75006F3D82 /* WordListUITests */,
				CE1566A928297D72006F3D82 /* Products */,
			);
			sourceTree = "<group>";
		};
		CE1566A928297D72006F3D82 /* Products */ = {
			isa = PBXGroup;
			children = (
				CE1566A828297D72006F3D82 /* WordList.app */,
				CE1566BE28297D75006F3D82 /* WordListTests.xctest */,
				CE1566C828297D75006F3D82 /* WordListUITests.xctest */,
			);
			name = Products;
			sourceTree = "<group>";
		};
		CE1566AA28297D72006F3D82 /* WordList */ = {
			isa = PBXGroup;
			children = (
				CE1566AB28297D72006F3D82 /* AppDelegate.swift */,
				CE1566AD28297D72006F3D82 /* SceneDelegate.swift */,
				CE1566AF28297D72006F3D82 /* ViewController.swift */,
				CE1566E2282984F2006F3D82 /* QuestionViewController.swift */,
				CE1566E42829853F006F3D82 /* FinishViewController.swift */,
				CE1566E8282985E1006F3D82 /* ListTableViewController.swift */,
				CE1566EA2829860B006F3D82 /* AddViewController.swift */,
				CE3F55AD282A919C004AA841 /* ListTableViewCell.swift */,
				CE1566B128297D72006F3D82 /* Main.storyboard */,
				CE1566B428297D74006F3D82 /* Assets.xcassets */,
				CE1566B628297D74006F3D82 /* LaunchScreen.storyboard */,
				CE1566B928297D74006F3D82 /* Info.plist */,
				CE1566DB28297DA7006F3D82 /* WordList素材 */,
			);
			path = WordList;
			sourceTree = "<group>";
		};
		CE1566C128297D75006F3D82 /* WordListTests */ = {
			isa = PBXGroup;
			children = (
				CE1566C228297D75006F3D82 /* WordListTests.swift */,
			);
			path = WordListTests;
			sourceTree = "<group>";
		};
		CE1566CB28297D75006F3D82 /* WordListUITests */ = {
			isa = PBXGroup;
			children = (
				CE1566CC28297D75006F3D82 /* WordListUITests.swift */,
				CE1566CE28297D75006F3D82 /* WordListUITestsLaunchTests.swift */,
			);
			path = WordListUITests;
			sourceTree = "<group>";
		};
		CE1566DB28297DA7006F3D82 /* WordList素材 */ = {
			isa = PBXGroup;
			children = (
				CE1566DC28297DA7006F3D82 /* word_blank.png */,
				CE1566DD28297DA7006F3D82 /* fin.png */,
				CE1566DE28297DA7006F3D82 /* title_logo.png */,
			);
			path = "WordList素材";
			sourceTree = "<group>";
		};
/* End PBXGroup section */

/* Begin PBXNativeTarget section */
		CE1566A728297D72006F3D82 /* WordList */ = {
			isa = PBXNativeTarget;
			buildConfigurationList = CE1566D228297D75006F3D82 /* Build configuration list for PBXNativeTarget "WordList" */;
			buildPhases = (
				CE1566A428297D72006F3D82 /* Sources */,
				CE1566A528297D72006F3D82 /* Frameworks */,
				CE1566A628297D72006F3D82 /* Resources */,
			);
			buildRules = (
			);
			dependencies = (
			);
			name = WordList;
			productName = WordList;
			productReference = CE1566A828297D72006F3D82 /* WordList.app */;
			productType = "com.apple.product-type.application";
		};
		CE1566BD28297D75006F3D82 /* WordListTests */ = {
			isa = PBXNativeTarget;
			buildConfigurationList = CE1566D528297D75006F3D82 /* Build configuration list for PBXNativeTarget "WordListTests" */;
			buildPhases = (
				CE1566BA28297D75006F3D82 /* Sources */,
				CE1566BB28297D75006F3D82 /* Frameworks */,
				CE1566BC28297D75006F3D82 /* Resources */,
			);
			buildRules = (
			);
			dependencies = (
				CE1566C028297D75006F3D82 /* PBXTargetDependency */,
			);
			name = WordListTests;
			productName = WordListTests;
			productReference = CE1566BE28297D75006F3D82 /* WordListTests.xctest */;
			productType = "com.apple.product-type.bundle.unit-test";
		};
		CE1566C728297D75006F3D82 /* WordListUITests */ = {
			isa = PBXNativeTarget;
			buildConfigurationList = CE1566D828297D75006F3D82 /* Build configuration list for PBXNativeTarget "WordListUITests" */;
			buildPhases = (
				CE1566C428297D75006F3D82 /* Sources */,
				CE1566C528297D75006F3D82 /* Frameworks */,
				CE1566C628297D75006F3D82 /* Resources */,
			);
			buildRules = (
			);
			dependencies = (
				CE1566CA28297D75006F3D82 /* PBXTargetDependency */,
			);
			name = WordListUITests;
			productName = WordListUITests;
			productReference = CE1566C828297D75006F3D82 /* WordListUITests.xctest */;
			productType = "com.apple.product-type.bundle.ui-testing";
		};
/* End PBXNativeTarget section */

/* Begin PBXProject section */
		CE1566A028297D72006F3D82 /* Project object */ = {
			isa = PBXProject;
			attributes = {
				BuildIndependentTargetsInParallel = 1;
				LastSwiftUpdateCheck = 1330;
				LastUpgradeCheck = 1330;
				TargetAttributes = {
					CE1566A728297D72006F3D82 = {
						CreatedOnToolsVersion = 13.3.1;
					};
					CE1566BD28297D75006F3D82 = {
						CreatedOnToolsVersion = 13.3.1;
						TestTargetID = CE1566A728297D72006F3D82;
					};
					CE1566C728297D75006F3D82 = {
						CreatedOnToolsVersion = 13.3.1;
						TestTargetID = CE1566A728297D72006F3D82;
					};
				};
			};
			buildConfigurationList = CE1566A328297D72006F3D82 /* Build configuration list for PBXProject "WordList" */;
			compatibilityVersion = "Xcode 13.0";
			developmentRegion = en;
			hasScannedForEncodings = 0;
			knownRegions = (
				en,
				Base,
			);
			mainGroup = CE15669F28297D72006F3D82;
			productRefGroup = CE1566A928297D72006F3D82 /* Products */;
			projectDirPath = "";
			projectRoot = "";
			targets = (
				CE1566A728297D72006F3D82 /* WordList */,
				CE1566BD28297D75006F3D82 /* WordListTests */,
				CE1566C728297D75006F3D82 /* WordListUITests */,
			);
		};
/* End PBXProject section */

/* Begin PBXResourcesBuildPhase section */
		CE1566A628297D72006F3D82 /* Resources */ = {
			isa = PBXResourcesBuildPhase;
			buildActionMask = 2147483647;
			files = (
				CE1566DF28297DA7006F3D82 /* word_blank.png in Resources */,
				CE1566E128297DA7006F3D82 /* title_logo.png in Resources */,
				CE1566B828297D74006F3D82 /* LaunchScreen.storyboard in Resources */,
				CE1566B528297D74006F3D82 /* Assets.xcassets in Resources */,
				CE1566E028297DA7006F3D82 /* fin.png in Resources */,
				CE1566B328297D72006F3D82 /* Main.storyboard in Resources */,
			);
			runOnlyForDeploymentPostprocessing = 0;
		};
		CE1566BC28297D75006F3D82 /* Resources */ = {
			isa = PBXResourcesBuildPhase;
			buildActionMask = 2147483647;
			files = (
			);
			runOnlyForDeploymentPostprocessing = 0;
		};
		CE1566C628297D75006F3D82 /* Resources */ = {
			isa = PBXResourcesBuildPhase;
			buildActionMask = 2147483647;
			files = (
			);
			runOnlyForDeploymentPostprocessing = 0;
		};
/* End PBXResourcesBuildPhase section */

/* Begin PBXSourcesBuildPhase section */
		CE1566A428297D72006F3D82 /* Sources */ = {
			isa = PBXSourcesBuildPhase;
			buildActionMask = 2147483647;
			files = (
				CE1566E52829853F006F3D82 /* FinishViewController.swift in Sources */,
				CE3F55AE282A919C004AA841 /* ListTableViewCell.swift in Sources */,
				CE1566B028297D72006F3D82 /* ViewController.swift in Sources */,
				CE1566EB2829860B006F3D82 /* AddViewController.swift in Sources */,
				CE1566AC28297D72006F3D82 /* AppDelegate.swift in Sources */,
				CE1566E9282985E2006F3D82 /* ListTableViewController.swift in Sources */,
				CE1566E3282984F2006F3D82 /* QuestionViewController.swift in Sources */,
				CE1566AE28297D72006F3D82 /* SceneDelegate.swift in Sources */,
			);
			runOnlyForDeploymentPostprocessing = 0;
		};
		CE1566BA28297D75006F3D82 /* Sources */ = {
			isa = PBXSourcesBuildPhase;
			buildActionMask = 2147483647;
			files = (
				CE1566C328297D75006F3D82 /* WordListTests.swift in Sources */,
			);
			runOnlyForDeploymentPostprocessing = 0;
		};
		CE1566C428297D75006F3D82 /* Sources */ = {
			isa = PBXSourcesBuildPhase;
			buildActionMask = 2147483647;
			files = (
				CE1566CF28297D75006F3D82 /* WordListUITestsLaunchTests.swift in Sources */,
				CE1566CD28297D75006F3D82 /* WordListUITests.swift in Sources */,
			);
			runOnlyForDeploymentPostprocessing = 0;
		};
/* End PBXSourcesBuildPhase section */

/* Begin PBXTargetDependency section */
		CE1566C028297D75006F3D82 /* PBXTargetDependency */ = {
			isa = PBXTargetDependency;
			target = CE1566A728297D72006F3D82 /* WordList */;
			targetProxy = CE1566BF28297D75006F3D82 /* PBXContainerItemProxy */;
		};
		CE1566CA28297D75006F3D82 /* PBXTargetDependency */ = {
			isa = PBXTargetDependency;
			target = CE1566A728297D72006F3D82 /* WordList */;
			targetProxy = CE1566C928297D75006F3D82 /* PBXContainerItemProxy */;
		};
/* End PBXTargetDependency section */

/* Begin PBXVariantGroup section */
		CE1566B128297D72006F3D82 /* Main.storyboard */ = {
			isa = PBXVariantGroup;
			children = (
				CE1566B228297D72006F3D82 /* Base */,
			);
			name = Main.storyboard;
			sourceTree = "<group>";
		};
		CE1566B628297D74006F3D82 /* LaunchScreen.storyboard */ = {
			isa = PBXVariantGroup;
			children = (
				CE1566B728297D74006F3D82 /* Base */,
			);
			name = LaunchScreen.storyboard;
			sourceTree = "<group>";
		};
/* End PBXVariantGroup section */

/* Begin XCBuildConfiguration section */
		CE1566D028297D75006F3D82 /* Debug */ = {
			isa = XCBuildConfiguration;
			buildSettings = {
				ALWAYS_SEARCH_USER_PATHS = NO;
				CLANG_ANALYZER_NONNULL = YES;
				CLANG_ANALYZER_NUMBER_OBJECT_CONVERSION = YES_AGGRESSIVE;
				CLANG_CXX_LANGUAGE_STANDARD = "gnu++17";
				CLANG_ENABLE_MODULES = YES;
				CLANG_ENABLE_OBJC_ARC = YES;
				CLANG_ENABLE_OBJC_WEAK = YES;
				CLANG_WARN_BLOCK_CAPTURE_AUTORELEASING = YES;
				CLANG_WARN_BOOL_CONVERSION = YES;
				CLANG_WARN_COMMA = YES;
				CLANG_WARN_CONSTANT_CONVERSION = YES;
				CLANG_WARN_DEPRECATED_OBJC_IMPLEMENTATIONS = YES;
				CLANG_WARN_DIRECT_OBJC_ISA_USAGE = YES_ERROR;
				CLANG_WARN_DOCUMENTATION_COMMENTS = YES;
				CLANG_WARN_EMPTY_BODY = YES;
				CLANG_WARN_ENUM_CONVERSION = YES;
				CLANG_WARN_INFINITE_RECURSION = YES;
				CLANG_WARN_INT_CONVERSION = YES;
				CLANG_WARN_NON_LITERAL_NULL_CONVERSION = YES;
				CLANG_WARN_OBJC_IMPLICIT_RETAIN_SELF = YES;
				CLANG_WARN_OBJC_LITERAL_CONVERSION = YES;
				CLANG_WARN_OBJC_ROOT_CLASS = YES_ERROR;
				CLANG_WARN_QUOTED_INCLUDE_IN_FRAMEWORK_HEADER = YES;
				CLANG_WARN_RANGE_LOOP_ANALYSIS = YES;
				CLANG_WARN_STRICT_PROTOTYPES = YES;
				CLANG_WARN_SUSPICIOUS_MOVE = YES;
				CLANG_WARN_UNGUARDED_AVAILABILITY = YES_AGGRESSIVE;
				CLANG_WARN_UNREACHABLE_CODE = YES;
				CLANG_WARN__DUPLICATE_METHOD_MATCH = YES;
				COPY_PHASE_STRIP = NO;
				DEBUG_INFORMATION_FORMAT = dwarf;
				ENABLE_STRICT_OBJC_MSGSEND = YES;
				ENABLE_TESTABILITY = YES;
				GCC_C_LANGUAGE_STANDARD = gnu11;
				GCC_DYNAMIC_NO_PIC = NO;
				GCC_NO_COMMON_BLOCKS = YES;
				GCC_OPTIMIZATION_LEVEL = 0;
				GCC_PREPROCESSOR_DEFINITIONS = (
					"DEBUG=1",
					"$(inherited)",
				);
				GCC_WARN_64_TO_32_BIT_CONVERSION = YES;
				GCC_WARN_ABOUT_RETURN_TYPE = YES_ERROR;
				GCC_WARN_UNDECLARED_SELECTOR = YES;
				GCC_WARN_UNINITIALIZED_AUTOS = YES_AGGRESSIVE;
				GCC_WARN_UNUSED_FUNCTION = YES;
				GCC_WARN_UNUSED_VARIABLE = YES;
				IPHONEOS_DEPLOYMENT_TARGET = 15.4;
				MTL_ENABLE_DEBUG_INFO = INCLUDE_SOURCE;
				MTL_FAST_MATH = YES;
				ONLY_ACTIVE_ARCH = YES;
				SDKROOT = iphoneos;
				SWIFT_ACTIVE_COMPILATION_CONDITIONS = DEBUG;
				SWIFT_OPTIMIZATION_LEVEL = "-Onone";
			};
			name = Debug;
		};
		CE1566D128297D75006F3D82 /* Release */ = {
			isa = XCBuildConfiguration;
			buildSettings = {
				ALWAYS_SEARCH_USER_PATHS = NO;
				CLANG_ANALYZER_NONNULL = YES;
				CLANG_ANALYZER_NUMBER_OBJECT_CONVERSION = YES_AGGRESSIVE;
				CLANG_CXX_LANGUAGE_STANDARD = "gnu++17";
				CLANG_ENABLE_MODULES = YES;
				CLANG_ENABLE_OBJC_ARC = YES;
				CLANG_ENABLE_OBJC_WEAK = YES;
				CLANG_WARN_BLOCK_CAPTURE_AUTORELEASING = YES;
				CLANG_WARN_BOOL_CONVERSION = YES;
				CLANG_WARN_COMMA = YES;
				CLANG_WARN_CONSTANT_CONVERSION = YES;
				CLANG_WARN_DEPRECATED_OBJC_IMPLEMENTATIONS = YES;
				CLANG_WARN_DIRECT_OBJC_ISA_USAGE = YES_ERROR;
				CLANG_WARN_DOCUMENTATION_COMMENTS = YES;
				CLANG_WARN_EMPTY_BODY = YES;
				CLANG_WARN_ENUM_CONVERSION = YES;
				CLANG_WARN_INFINITE_RECURSION = YES;
				CLANG_WARN_INT_CONVERSION = YES;
				CLANG_WARN_NON_LITERAL_NULL_CONVERSION = YES;
				CLANG_WARN_OBJC_IMPLICIT_RETAIN_SELF = YES;
				CLANG_WARN_OBJC_LITERAL_CONVERSION = YES;
				CLANG_WARN_OBJC_ROOT_CLASS = YES_ERROR;
				CLANG_WARN_QUOTED_INCLUDE_IN_FRAMEWORK_HEADER = YES;
				CLANG_WARN_RANGE_LOOP_ANALYSIS = YES;
				CLANG_WARN_STRICT_PROTOTYPES = YES;
				CLANG_WARN_SUSPICIOUS_MOVE = YES;
				CLANG_WARN_UNGUARDED_AVAILABILITY = YES_AGGRESSIVE;
				CLANG_WARN_UNREACHABLE_CODE = YES;
				CLANG_WARN__DUPLICATE_METHOD_MATCH = YES;
				COPY_PHASE_STRIP = NO;
				DEBUG_INFORMATION_FORMAT = "dwarf-with-dsym";
				ENABLE_NS_ASSERTIONS = NO;
				ENABLE_STRICT_OBJC_MSGSEND = YES;
				GCC_C_LANGUAGE_STANDARD = gnu11;
				GCC_NO_COMMON_BLOCKS = YES;
				GCC_WARN_64_TO_32_BIT_CONVERSION = YES;
				GCC_WARN_ABOUT_RETURN_TYPE = YES_ERROR;
				GCC_WARN_UNDECLARED_SELECTOR = YES;
				GCC_WARN_UNINITIALIZED_AUTOS = YES_AGGRESSIVE;
				GCC_WARN_UNUSED_FUNCTION = YES;
				GCC_WARN_UNUSED_VARIABLE = YES;
				IPHONEOS_DEPLOYMENT_TARGET = 15.4;
				MTL_ENABLE_DEBUG_INFO = NO;
				MTL_FAST_MATH = YES;
				SDKROOT = iphoneos;
				SWIFT_COMPILATION_MODE = wholemodule;
				SWIFT_OPTIMIZATION_LEVEL = "-O";
				VALIDATE_PRODUCT = YES;
			};
			name = Release;
		};
		CE1566D328297D75006F3D82 /* Debug */ = {
			isa = XCBuildConfiguration;
			buildSettings = {
				ASSETCATALOG_COMPILER_APPICON_NAME = AppIcon;
				ASSETCATALOG_COMPILER_GLOBAL_ACCENT_COLOR_NAME = AccentColor;
				CODE_SIGN_STYLE = Automatic;
				CURRENT_PROJECT_VERSION = 1;
				GENERATE_INFOPLIST_FILE = YES;
				INFOPLIST_FILE = WordList/Info.plist;
				INFOPLIST_KEY_UIApplicationSupportsIndirectInputEvents = YES;
				INFOPLIST_KEY_UILaunchStoryboardName = LaunchScreen;
				INFOPLIST_KEY_UIMainStoryboardFile = Main;
				INFOPLIST_KEY_UISupportedInterfaceOrientations_iPad = "UIInterfaceOrientationPortrait UIInterfaceOrientationPortraitUpsideDown UIInterfaceOrientationLandscapeLeft UIInterfaceOrientationLandscapeRight";
				INFOPLIST_KEY_UISupportedInterfaceOrientations_iPhone = "UIInterfaceOrientationPortrait UIInterfaceOrientationLandscapeLeft UIInterfaceOrientationLandscapeRight";
				LD_RUNPATH_SEARCH_PATHS = (
					"$(inherited)",
					"@executable_path/Frameworks",
				);
				MARKETING_VERSION = 1.0;
				PRODUCT_BUNDLE_IDENTIFIER = app.yume.yoshida.WordList;
				PRODUCT_NAME = "$(TARGET_NAME)";
				SWIFT_EMIT_LOC_STRINGS = YES;
				SWIFT_VERSION = 5.0;
				TARGETED_DEVICE_FAMILY = "1,2";
			};
			name = Debug;
		};
		CE1566D428297D75006F3D82 /* Release */ = {
			isa = XCBuildConfiguration;
			buildSettings = {
				ASSETCATALOG_COMPILER_APPICON_NAME = AppIcon;
				ASSETCATALOG_COMPILER_GLOBAL_ACCENT_COLOR_NAME = AccentColor;
				CODE_SIGN_STYLE = Automatic;
				CURRENT_PROJECT_VERSION = 1;
				GENERATE_INFOPLIST_FILE = YES;
				INFOPLIST_FILE = WordList/Info.plist;
				INFOPLIST_KEY_UIApplicationSupportsIndirectInputEvents = YES;
				INFOPLIST_KEY_UILaunchStoryboardName = LaunchScreen;
				INFOPLIST_KEY_UIMainStoryboardFile = Main;
				INFOPLIST_KEY_UISupportedInterfaceOrientations_iPad = "UIInterfaceOrientationPortrait UIInterfaceOrientationPortraitUpsideDown UIInterfaceOrientationLandscapeLeft UIInterfaceOrientationLandscapeRight";
				INFOPLIST_KEY_UISupportedInterfaceOrientations_iPhone = "UIInterfaceOrientationPortrait UIInterfaceOrientationLandscapeLeft UIInterfaceOrientationLandscapeRight";
				LD_RUNPATH_SEARCH_PATHS = (
					"$(inherited)",
					"@executable_path/Frameworks",
				);
				MARKETING_VERSION = 1.0;
				PRODUCT_BUNDLE_IDENTIFIER = app.yume.yoshida.WordList;
				PRODUCT_NAME = "$(TARGET_NAME)";
				SWIFT_EMIT_LOC_STRINGS = YES;
				SWIFT_VERSION = 5.0;
				TARGETED_DEVICE_FAMILY = "1,2";
			};
			name = Release;
		};
		CE1566D628297D75006F3D82 /* Debug */ = {
			isa = XCBuildConfiguration;
			buildSettings = {
				ALWAYS_EMBED_SWIFT_STANDARD_LIBRARIES = YES;
				BUNDLE_LOADER = "$(TEST_HOST)";
				CODE_SIGN_STYLE = Automatic;
				CURRENT_PROJECT_VERSION = 1;
				GENERATE_INFOPLIST_FILE = YES;
				IPHONEOS_DEPLOYMENT_TARGET = 15.4;
				MARKETING_VERSION = 1.0;
				PRODUCT_BUNDLE_IDENTIFIER = app.yume.yoshida.WordListTests;
				PRODUCT_NAME = "$(TARGET_NAME)";
				SWIFT_EMIT_LOC_STRINGS = NO;
				SWIFT_VERSION = 5.0;
				TARGETED_DEVICE_FAMILY = "1,2";
				TEST_HOST = "$(BUILT_PRODUCTS_DIR)/WordList.app/WordList";
			};
			name = Debug;
		};
		CE1566D728297D75006F3D82 /* Release */ = {
			isa = XCBuildConfiguration;
			buildSettings = {
				ALWAYS_EMBED_SWIFT_STANDARD_LIBRARIES = YES;
				BUNDLE_LOADER = "$(TEST_HOST)";
				CODE_SIGN_STYLE = Automatic;
				CURRENT_PROJECT_VERSION = 1;
				GENERATE_INFOPLIST_FILE = YES;
				IPHONEOS_DEPLOYMENT_TARGET = 15.4;
				MARKETING_VERSION = 1.0;
				PRODUCT_BUNDLE_IDENTIFIER = app.yume.yoshida.WordListTests;
				PRODUCT_NAME = "$(TARGET_NAME)";
				SWIFT_EMIT_LOC_STRINGS = NO;
				SWIFT_VERSION = 5.0;
				TARGETED_DEVICE_FAMILY = "1,2";
				TEST_HOST = "$(BUILT_PRODUCTS_DIR)/WordList.app/WordList";
			};
			name = Release;
		};
		CE1566D928297D75006F3D82 /* Debug */ = {
			isa = XCBuildConfiguration;
			buildSettings = {
				ALWAYS_EMBED_SWIFT_STANDARD_LIBRARIES = YES;
				CODE_SIGN_STYLE = Automatic;
				CURRENT_PROJECT_VERSION = 1;
				GENERATE_INFOPLIST_FILE = YES;
				MARKETING_VERSION = 1.0;
				PRODUCT_BUNDLE_IDENTIFIER = app.yume.yoshida.WordListUITests;
				PRODUCT_NAME = "$(TARGET_NAME)";
				SWIFT_EMIT_LOC_STRINGS = NO;
				SWIFT_VERSION = 5.0;
				TARGETED_DEVICE_FAMILY = "1,2";
				TEST_TARGET_NAME = WordList;
			};
			name = Debug;
		};
		CE1566DA28297D75006F3D82 /* Release */ = {
			isa = XCBuildConfiguration;
			buildSettings = {
				ALWAYS_EMBED_SWIFT_STANDARD_LIBRARIES = YES;
				CODE_SIGN_STYLE = Automatic;
				CURRENT_PROJECT_VERSION = 1;
				GENERATE_INFOPLIST_FILE = YES;
				MARKETING_VERSION = 1.0;
				PRODUCT_BUNDLE_IDENTIFIER = app.yume.yoshida.WordListUITests;
				PRODUCT_NAME = "$(TARGET_NAME)";
				SWIFT_EMIT_LOC_STRINGS = NO;
				SWIFT_VERSION = 5.0;
				TARGETED_DEVICE_FAMILY = "1,2";
				TEST_TARGET_NAME = WordList;
			};
			name = Release;
		};
/* End XCBuildConfiguration section */

/* Begin XCConfigurationList section */
		CE1566A328297D72006F3D82 /* Build configuration list for PBXProject "WordList" */ = {
			isa = XCConfigurationList;
			buildConfigurations = (
				CE1566D028297D75006F3D82 /* Debug */,
				CE1566D128297D75006F3D82 /* Release */,
			);
			defaultConfigurationIsVisible = 0;
			defaultConfigurationName = Release;
		};
		CE1566D228297D75006F3D82 /* Build configuration list for PBXNativeTarget "WordList" */ = {
			isa = XCConfigurationList;
			buildConfigurations = (
				CE1566D328297D75006F3D82 /* Debug */,
				CE1566D428297D75006F3D82 /* Release */,
			);
			defaultConfigurationIsVisible = 0;
			defaultConfigurationName = Release;
		};
		CE1566D528297D75006F3D82 /* Build configuration list for PBXNativeTarget "WordListTests" */ = {
			isa = XCConfigurationList;
			buildConfigurations = (
				CE1566D628297D75006F3D82 /* Debug */,
				CE1566D728297D75006F3D82 /* Release */,
			);
			defaultConfigurationIsVisible = 0;
			defaultConfigurationName = Release;
		};
		CE1566D828297D75006F3D82 /* Build configuration list for PBXNativeTarget "WordListUITests" */ = {
			isa = XCConfigurationList;
			buildConfigurations = (
				CE1566D928297D75006F3D82 /* Debug */,
				CE1566DA28297D75006F3D82 /* Release */,
			);
			defaultConfigurationIsVisible = 0;
			defaultConfigurationName = Release;
		};
/* End XCConfigurationList section */
	};
	rootObject = CE1566A028297D72006F3D82 /* Project object */;
}
